
Microsoft Visual Studio Solution File, Format Version 12.00
# Visual Studio 15
VisualStudioVersion = 15.0.28307.572
MinimumVisualStudioVersion = 10.0.40219.1
Project("{FAE04EC0-301F-11D3-BF4B-00C04F79EFBC}") = "routing_mvc", "routing_mvc\routing_mvc.csproj", "{B3417B21-E82F-41BB-B052-D49E86AAFD97}"
EndProject
Global
	GlobalSection(SolutionConfigurationPlatforms) = preSolution
		Debug|Any CPU = Debug|Any CPU
		Release|Any CPU = Release|Any CPU
	EndGlobalSection
	GlobalSection(ProjectConfigurationPlatforms) = postSolution
		{B3417B21-E82F-41BB-B052-D49E86AAFD97}.Debug|Any CPU.ActiveCfg = Debug|Any CPU
		{B3417B21-E82F-41BB-B052-D49E86AAFD97}.Debug|Any CPU.Build.0 = Debug|Any CPU
		{B3417B21-E82F-41BB-B052-D49E86AAFD97}.Release|Any CPU.ActiveCfg = Release|Any CPU
		{B3417B21-E82F-41BB-B052-D49E86AAFD97}.Release|Any CPU.Build.0 = Release|Any CPU
	EndGlobalSection
	GlobalSection(SolutionProperties) = preSolution
		HideSolutionNode = FALSE
	EndGlobalSection
	GlobalSection(ExtensibilityGlobals) = postSolution
		SolutionGuid = {2E80C2BE-2E77-45C6-B360-5E0950BDE744}
	EndGlobalSection
EndGlobal
